// !$*UTF8*$!
{
	archiveVersion = 1;
	classes = {
	};
	objectVersion = 50;
	objects = {

/* Begin PBXBuildFile section */
		AA156784269C25DD007856B0 /* AppDelegate.swift in Sources */ = {isa = PBXBuildFile; fileRef = AA156783269C25DD007856B0 /* AppDelegate.swift */; };
		AA156786269C25DD007856B0 /* SceneDelegate.swift in Sources */ = {isa = PBXBuildFile; fileRef = AA156785269C25DD007856B0 /* SceneDelegate.swift */; };
		AA15678B269C25DD007856B0 /* Main.storyboard in Resources */ = {isa = PBXBuildFile; fileRef = AA156789269C25DD007856B0 /* Main.storyboard */; };
		AA15678E269C25DD007856B0 /* OpenWeather.xcdatamodeld in Sources */ = {isa = PBXBuildFile; fileRef = AA15678C269C25DD007856B0 /* OpenWeather.xcdatamodeld */; };
		AA156790269C25DE007856B0 /* Assets.xcassets in Resources */ = {isa = PBXBuildFile; fileRef = AA15678F269C25DE007856B0 /* Assets.xcassets */; };
		AA156793269C25DE007856B0 /* LaunchScreen.storyboard in Resources */ = {isa = PBXBuildFile; fileRef = AA156791269C25DE007856B0 /* LaunchScreen.storyboard */; };
		AA15679E269C25DE007856B0 /* OpenWeatherTests.swift in Sources */ = {isa = PBXBuildFile; fileRef = AA15679D269C25DE007856B0 /* OpenWeatherTests.swift */; };
		AA1567A9269C25DE007856B0 /* OpenWeatherUITests.swift in Sources */ = {isa = PBXBuildFile; fileRef = AA1567A8269C25DE007856B0 /* OpenWeatherUITests.swift */; };
		AA1567C1269C4D6D007856B0 /* CityForecastViewController.swift in Sources */ = {isa = PBXBuildFile; fileRef = AA1567C0269C4D6D007856B0 /* CityForecastViewController.swift */; };
		AA1567C4269C4D8F007856B0 /* LandingPageViewController.swift in Sources */ = {isa = PBXBuildFile; fileRef = AA1567C3269C4D8F007856B0 /* LandingPageViewController.swift */; };
		AA1567CA269C4D99007856B0 /* MainScreenViewController.swift in Sources */ = {isa = PBXBuildFile; fileRef = AA1567C9269C4D99007856B0 /* MainScreenViewController.swift */; };
		AA1567CC269C4F6B007856B0 /* Forecast.swift in Sources */ = {isa = PBXBuildFile; fileRef = AA1567CB269C4F6B007856B0 /* Forecast.swift */; };
		AA1567CF269C5081007856B0 /* URLLoader.swift in Sources */ = {isa = PBXBuildFile; fileRef = AA1567CE269C5081007856B0 /* URLLoader.swift */; };
		AA1567D1269C5CA7007856B0 /* City.swift in Sources */ = {isa = PBXBuildFile; fileRef = AA1567D0269C5CA7007856B0 /* City.swift */; };
		AA1567D3269C5FCC007856B0 /* MainScreenViewModel.swift in Sources */ = {isa = PBXBuildFile; fileRef = AA1567D2269C5FCC007856B0 /* MainScreenViewModel.swift */; };
		AA1567D5269C7263007856B0 /* NetworkError.swift in Sources */ = {isa = PBXBuildFile; fileRef = AA1567D4269C7263007856B0 /* NetworkError.swift */; };
		AAC036D6269D885D00DED589 /* ForecastViewCell.swift in Sources */ = {isa = PBXBuildFile; fileRef = AAC036D5269D885D00DED589 /* ForecastViewCell.swift */; };
		AAC036D8269D8C5600DED589 /* GridFlowLayout.swift in Sources */ = {isa = PBXBuildFile; fileRef = AAC036D7269D8C5600DED589 /* GridFlowLayout.swift */; };
		AAC036DA269D8C6900DED589 /* ListFlowLayout.swift in Sources */ = {isa = PBXBuildFile; fileRef = AAC036D9269D8C6900DED589 /* ListFlowLayout.swift */; };
/* End PBXBuildFile section */

/* Begin PBXContainerItemProxy section */
		AA15679A269C25DE007856B0 /* PBXContainerItemProxy */ = {
			isa = PBXContainerItemProxy;
			containerPortal = AA156778269C25DD007856B0 /* Project object */;
			proxyType = 1;
			remoteGlobalIDString = AA15677F269C25DD007856B0;
			remoteInfo = OpenWeather;
		};
		AA1567A5269C25DE007856B0 /* PBXContainerItemProxy */ = {
			isa = PBXContainerItemProxy;
			containerPortal = AA156778269C25DD007856B0 /* Project object */;
			proxyType = 1;
			remoteGlobalIDString = AA15677F269C25DD007856B0;
			remoteInfo = OpenWeather;
		};
/* End PBXContainerItemProxy section */

/* Begin PBXFileReference section */
		AA156780269C25DD007856B0 /* OpenWeather.app */ = {isa = PBXFileReference; explicitFileType = wrapper.application; includeInIndex = 0; path = OpenWeather.app; sourceTree = BUILT_PRODUCTS_DIR; };
		AA156783269C25DD007856B0 /* AppDelegate.swift */ = {isa = PBXFileReference; lastKnownFileType = sourcecode.swift; path = AppDelegate.swift; sourceTree = "<group>"; };
		AA156785269C25DD007856B0 /* SceneDelegate.swift */ = {isa = PBXFileReference; lastKnownFileType = sourcecode.swift; path = SceneDelegate.swift; sourceTree = "<group>"; };
		AA15678A269C25DD007856B0 /* Base */ = {isa = PBXFileReference; lastKnownFileType = file.storyboard; name = Base; path = Base.lproj/Main.storyboard; sourceTree = "<group>"; };
		AA15678D269C25DD007856B0 /* OpenWeather.xcdatamodel */ = {isa = PBXFileReference; lastKnownFileType = wrapper.xcdatamodel; path = OpenWeather.xcdatamodel; sourceTree = "<group>"; };
		AA15678F269C25DE007856B0 /* Assets.xcassets */ = {isa = PBXFileReference; lastKnownFileType = folder.assetcatalog; path = Assets.xcassets; sourceTree = "<group>"; };
		AA156792269C25DE007856B0 /* Base */ = {isa = PBXFileReference; lastKnownFileType = file.storyboard; name = Base; path = Base.lproj/LaunchScreen.storyboard; sourceTree = "<group>"; };
		AA156794269C25DE007856B0 /* Info.plist */ = {isa = PBXFileReference; lastKnownFileType = text.plist.xml; path = Info.plist; sourceTree = "<group>"; };
		AA156799269C25DE007856B0 /* OpenWeatherTests.xctest */ = {isa = PBXFileReference; explicitFileType = wrapper.cfbundle; includeInIndex = 0; path = OpenWeatherTests.xctest; sourceTree = BUILT_PRODUCTS_DIR; };
		AA15679D269C25DE007856B0 /* OpenWeatherTests.swift */ = {isa = PBXFileReference; lastKnownFileType = sourcecode.swift; path = OpenWeatherTests.swift; sourceTree = "<group>"; };
		AA15679F269C25DE007856B0 /* Info.plist */ = {isa = PBXFileReference; lastKnownFileType = text.plist.xml; path = Info.plist; sourceTree = "<group>"; };
		AA1567A4269C25DE007856B0 /* OpenWeatherUITests.xctest */ = {isa = PBXFileReference; explicitFileType = wrapper.cfbundle; includeInIndex = 0; path = OpenWeatherUITests.xctest; sourceTree = BUILT_PRODUCTS_DIR; };
		AA1567A8269C25DE007856B0 /* OpenWeatherUITests.swift */ = {isa = PBXFileReference; lastKnownFileType = sourcecode.swift; path = OpenWeatherUITests.swift; sourceTree = "<group>"; };
		AA1567AA269C25DE007856B0 /* Info.plist */ = {isa = PBXFileReference; lastKnownFileType = text.plist.xml; path = Info.plist; sourceTree = "<group>"; };
		AA1567C0269C4D6D007856B0 /* CityForecastViewController.swift */ = {isa = PBXFileReference; fileEncoding = 4; lastKnownFileType = sourcecode.swift; path = CityForecastViewController.swift; sourceTree = "<group>"; };
		AA1567C3269C4D8F007856B0 /* LandingPageViewController.swift */ = {isa = PBXFileReference; fileEncoding = 4; lastKnownFileType = sourcecode.swift; path = LandingPageViewController.swift; sourceTree = "<group>"; };
		AA1567C9269C4D99007856B0 /* MainScreenViewController.swift */ = {isa = PBXFileReference; fileEncoding = 4; lastKnownFileType = sourcecode.swift; path = MainScreenViewController.swift; sourceTree = "<group>"; };
		AA1567CB269C4F6B007856B0 /* Forecast.swift */ = {isa = PBXFileReference; lastKnownFileType = sourcecode.swift; path = Forecast.swift; sourceTree = "<group>"; };
		AA1567CE269C5081007856B0 /* URLLoader.swift */ = {isa = PBXFileReference; lastKnownFileType = sourcecode.swift; path = URLLoader.swift; sourceTree = "<group>"; };
		AA1567D0269C5CA7007856B0 /* City.swift */ = {isa = PBXFileReference; lastKnownFileType = sourcecode.swift; path = City.swift; sourceTree = "<group>"; };
		AA1567D2269C5FCC007856B0 /* MainScreenViewModel.swift */ = {isa = PBXFileReference; lastKnownFileType = sourcecode.swift; path = MainScreenViewModel.swift; sourceTree = "<group>"; };
		AA1567D4269C7263007856B0 /* NetworkError.swift */ = {isa = PBXFileReference; lastKnownFileType = sourcecode.swift; path = NetworkError.swift; sourceTree = "<group>"; };
		AAC036D5269D885D00DED589 /* ForecastViewCell.swift */ = {isa = PBXFileReference; lastKnownFileType = sourcecode.swift; path = ForecastViewCell.swift; sourceTree = "<group>"; };
		AAC036D7269D8C5600DED589 /* GridFlowLayout.swift */ = {isa = PBXFileReference; lastKnownFileType = sourcecode.swift; path = GridFlowLayout.swift; sourceTree = "<group>"; };
		AAC036D9269D8C6900DED589 /* ListFlowLayout.swift */ = {isa = PBXFileReference; lastKnownFileType = sourcecode.swift; path = ListFlowLayout.swift; sourceTree = "<group>"; };
/* End PBXFileReference section */

/* Begin PBXFrameworksBuildPhase section */
		AA15677D269C25DD007856B0 /* Frameworks */ = {
			isa = PBXFrameworksBuildPhase;
			buildActionMask = 2147483647;
			files = (
			);
			runOnlyForDeploymentPostprocessing = 0;
		};
		AA156796269C25DE007856B0 /* Frameworks */ = {
			isa = PBXFrameworksBuildPhase;
			buildActionMask = 2147483647;
			files = (
			);
			runOnlyForDeploymentPostprocessing = 0;
		};
		AA1567A1269C25DE007856B0 /* Frameworks */ = {
			isa = PBXFrameworksBuildPhase;
			buildActionMask = 2147483647;
			files = (
			);
			runOnlyForDeploymentPostprocessing = 0;
		};
/* End PBXFrameworksBuildPhase section */

/* Begin PBXGroup section */
		AA156777269C25DD007856B0 = {
			isa = PBXGroup;
			children = (
				AA156782269C25DD007856B0 /* OpenWeather */,
				AA15679C269C25DE007856B0 /* OpenWeatherTests */,
				AA1567A7269C25DE007856B0 /* OpenWeatherUITests */,
				AA156781269C25DD007856B0 /* Products */,
			);
			sourceTree = "<group>";
		};
		AA156781269C25DD007856B0 /* Products */ = {
			isa = PBXGroup;
			children = (
				AA156780269C25DD007856B0 /* OpenWeather.app */,
				AA156799269C25DE007856B0 /* OpenWeatherTests.xctest */,
				AA1567A4269C25DE007856B0 /* OpenWeatherUITests.xctest */,
			);
			name = Products;
			sourceTree = "<group>";
		};
		AA156782269C25DD007856B0 /* OpenWeather */ = {
			isa = PBXGroup;
			children = (
				AA1567CD269C504D007856B0 /* URLLoader */,
				AA1567C2269C4D8F007856B0 /* LandingPage */,
				AA1567C5269C4D99007856B0 /* MainScreen */,
				AA1567BF269C4D6D007856B0 /* CityForecast */,
				AA156783269C25DD007856B0 /* AppDelegate.swift */,
				AA156785269C25DD007856B0 /* SceneDelegate.swift */,
				AA156789269C25DD007856B0 /* Main.storyboard */,
				AAC036D9269D8C6900DED589 /* ListFlowLayout.swift */,
				AAC036D7269D8C5600DED589 /* GridFlowLayout.swift */,
				AAC036D5269D885D00DED589 /* ForecastViewCell.swift */,
				AA15678F269C25DE007856B0 /* Assets.xcassets */,
				AA156791269C25DE007856B0 /* LaunchScreen.storyboard */,
				AA156794269C25DE007856B0 /* Info.plist */,
				AA15678C269C25DD007856B0 /* OpenWeather.xcdatamodeld */,
			);
			path = OpenWeather;
			sourceTree = "<group>";
		};
		AA15679C269C25DE007856B0 /* OpenWeatherTests */ = {
			isa = PBXGroup;
			children = (
				AA15679D269C25DE007856B0 /* OpenWeatherTests.swift */,
				AA15679F269C25DE007856B0 /* Info.plist */,
			);
			path = OpenWeatherTests;
			sourceTree = "<group>";
		};
		AA1567A7269C25DE007856B0 /* OpenWeatherUITests */ = {
			isa = PBXGroup;
			children = (
				AA1567A8269C25DE007856B0 /* OpenWeatherUITests.swift */,
				AA1567AA269C25DE007856B0 /* Info.plist */,
			);
			path = OpenWeatherUITests;
			sourceTree = "<group>";
		};
		AA1567BF269C4D6D007856B0 /* CityForecast */ = {
			isa = PBXGroup;
			children = (
				AA1567C0269C4D6D007856B0 /* CityForecastViewController.swift */,
			);
			path = CityForecast;
			sourceTree = "<group>";
		};
		AA1567C2269C4D8F007856B0 /* LandingPage */ = {
			isa = PBXGroup;
			children = (
				AA1567C3269C4D8F007856B0 /* LandingPageViewController.swift */,
			);
			path = LandingPage;
			sourceTree = "<group>";
		};
		AA1567C5269C4D99007856B0 /* MainScreen */ = {
			isa = PBXGroup;
			children = (
				AA1567C7269C4D99007856B0 /* Model */,
				AA1567C8269C4D99007856B0 /* View */,
				AA1567C6269C4D99007856B0 /* ViewModel */,
			);
			path = MainScreen;
			sourceTree = "<group>";
		};
		AA1567C6269C4D99007856B0 /* ViewModel */ = {
			isa = PBXGroup;
			children = (
				AA1567D2269C5FCC007856B0 /* MainScreenViewModel.swift */,
			);
			path = ViewModel;
			sourceTree = "<group>";
		};
		AA1567C7269C4D99007856B0 /* Model */ = {
			isa = PBXGroup;
			children = (
				AA1567CB269C4F6B007856B0 /* Forecast.swift */,
			);
			path = Model;
			sourceTree = "<group>";
		};
		AA1567C8269C4D99007856B0 /* View */ = {
			isa = PBXGroup;
			children = (
				AA1567C9269C4D99007856B0 /* MainScreenViewController.swift */,
			);
			path = View;
			sourceTree = "<group>";
		};
		AA1567CD269C504D007856B0 /* URLLoader */ = {
			isa = PBXGroup;
			children = (
				AA1567D0269C5CA7007856B0 /* City.swift */,
				AA1567D4269C7263007856B0 /* NetworkError.swift */,
				AA1567CE269C5081007856B0 /* URLLoader.swift */,
			);
			path = URLLoader;
			sourceTree = "<group>";
		};
/* End PBXGroup section */

/* Begin PBXNativeTarget section */
		AA15677F269C25DD007856B0 /* OpenWeather */ = {
			isa = PBXNativeTarget;
			buildConfigurationList = AA1567AD269C25DE007856B0 /* Build configuration list for PBXNativeTarget "OpenWeather" */;
			buildPhases = (
				AA15677C269C25DD007856B0 /* Sources */,
				AA15677D269C25DD007856B0 /* Frameworks */,
				AA15677E269C25DD007856B0 /* Resources */,
			);
			buildRules = (
			);
			dependencies = (
			);
			name = OpenWeather;
			productName = OpenWeather;
			productReference = AA156780269C25DD007856B0 /* OpenWeather.app */;
			productType = "com.apple.product-type.application";
		};
		AA156798269C25DE007856B0 /* OpenWeatherTests */ = {
			isa = PBXNativeTarget;
			buildConfigurationList = AA1567B0269C25DE007856B0 /* Build configuration list for PBXNativeTarget "OpenWeatherTests" */;
			buildPhases = (
				AA156795269C25DE007856B0 /* Sources */,
				AA156796269C25DE007856B0 /* Frameworks */,
				AA156797269C25DE007856B0 /* Resources */,
			);
			buildRules = (
			);
			dependencies = (
				AA15679B269C25DE007856B0 /* PBXTargetDependency */,
			);
			name = OpenWeatherTests;
			productName = OpenWeatherTests;
			productReference = AA156799269C25DE007856B0 /* OpenWeatherTests.xctest */;
			productType = "com.apple.product-type.bundle.unit-test";
		};
		AA1567A3269C25DE007856B0 /* OpenWeatherUITests */ = {
			isa = PBXNativeTarget;
			buildConfigurationList = AA1567B3269C25DE007856B0 /* Build configuration list for PBXNativeTarget "OpenWeatherUITests" */;
			buildPhases = (
				AA1567A0269C25DE007856B0 /* Sources */,
				AA1567A1269C25DE007856B0 /* Frameworks */,
				AA1567A2269C25DE007856B0 /* Resources */,
			);
			buildRules = (
			);
			dependencies = (
				AA1567A6269C25DE007856B0 /* PBXTargetDependency */,
			);
			name = OpenWeatherUITests;
			productName = OpenWeatherUITests;
			productReference = AA1567A4269C25DE007856B0 /* OpenWeatherUITests.xctest */;
			productType = "com.apple.product-type.bundle.ui-testing";
		};
/* End PBXNativeTarget section */

/* Begin PBXProject section */
		AA156778269C25DD007856B0 /* Project object */ = {
			isa = PBXProject;
			attributes = {
				LastSwiftUpdateCheck = 1250;
				LastUpgradeCheck = 1250;
				TargetAttributes = {
					AA15677F269C25DD007856B0 = {
						CreatedOnToolsVersion = 12.5.1;
					};
					AA156798269C25DE007856B0 = {
						CreatedOnToolsVersion = 12.5.1;
						TestTargetID = AA15677F269C25DD007856B0;
					};
					AA1567A3269C25DE007856B0 = {
						CreatedOnToolsVersion = 12.5.1;
						TestTargetID = AA15677F269C25DD007856B0;
					};
				};
			};
			buildConfigurationList = AA15677B269C25DD007856B0 /* Build configuration list for PBXProject "OpenWeather" */;
			compatibilityVersion = "Xcode 9.3";
			developmentRegion = en;
			hasScannedForEncodings = 0;
			knownRegions = (
				en,
				Base,
			);
			mainGroup = AA156777269C25DD007856B0;
			productRefGroup = AA156781269C25DD007856B0 /* Products */;
			projectDirPath = "";
			projectRoot = "";
			targets = (
				AA15677F269C25DD007856B0 /* OpenWeather */,
				AA156798269C25DE007856B0 /* OpenWeatherTests */,
				AA1567A3269C25DE007856B0 /* OpenWeatherUITests */,
			);
		};
/* End PBXProject section */

/* Begin PBXResourcesBuildPhase section */
		AA15677E269C25DD007856B0 /* Resources */ = {
			isa = PBXResourcesBuildPhase;
			buildActionMask = 2147483647;
			files = (
				AA156793269C25DE007856B0 /* LaunchScreen.storyboard in Resources */,
				AA156790269C25DE007856B0 /* Assets.xcassets in Resources */,
				AA15678B269C25DD007856B0 /* Main.storyboard in Resources */,
			);
			runOnlyForDeploymentPostprocessing = 0;
		};
		AA156797269C25DE007856B0 /* Resources */ = {
			isa = PBXResourcesBuildPhase;
			buildActionMask = 2147483647;
			files = (
			);
			runOnlyForDeploymentPostprocessing = 0;
		};
		AA1567A2269C25DE007856B0 /* Resources */ = {
			isa = PBXResourcesBuildPhase;
			buildActionMask = 2147483647;
			files = (
			);
			runOnlyForDeploymentPostprocessing = 0;
		};
/* End PBXResourcesBuildPhase section */

/* Begin PBXSourcesBuildPhase section */
		AA15677C269C25DD007856B0 /* Sources */ = {
			isa = PBXSourcesBuildPhase;
			buildActionMask = 2147483647;
			files = (
				AA1567C4269C4D8F007856B0 /* LandingPageViewController.swift in Sources */,
				AA1567D3269C5FCC007856B0 /* MainScreenViewModel.swift in Sources */,
				AA1567C1269C4D6D007856B0 /* CityForecastViewController.swift in Sources */,
				AAC036DA269D8C6900DED589 /* ListFlowLayout.swift in Sources */,
				AAC036D6269D885D00DED589 /* ForecastViewCell.swift in Sources */,
				AA1567D1269C5CA7007856B0 /* City.swift in Sources */,
				AA1567CC269C4F6B007856B0 /* Forecast.swift in Sources */,
				AA156784269C25DD007856B0 /* AppDelegate.swift in Sources */,
				AAC036D8269D8C5600DED589 /* GridFlowLayout.swift in Sources */,
				AA1567CF269C5081007856B0 /* URLLoader.swift in Sources */,
				AA15678E269C25DD007856B0 /* OpenWeather.xcdatamodeld in Sources */,
				AA156786269C25DD007856B0 /* SceneDelegate.swift in Sources */,
				AA1567D5269C7263007856B0 /* NetworkError.swift in Sources */,
				AA1567CA269C4D99007856B0 /* MainScreenViewController.swift in Sources */,
			);
			runOnlyForDeploymentPostprocessing = 0;
		};
		AA156795269C25DE007856B0 /* Sources */ = {
			isa = PBXSourcesBuildPhase;
			buildActionMask = 2147483647;
			files = (
				AA15679E269C25DE007856B0 /* OpenWeatherTests.swift in Sources */,
			);
			runOnlyForDeploymentPostprocessing = 0;
		};
		AA1567A0269C25DE007856B0 /* Sources */ = {
			isa = PBXSourcesBuildPhase;
			buildActionMask = 2147483647;
			files = (
				AA1567A9269C25DE007856B0 /* OpenWeatherUITests.swift in Sources */,
			);
			runOnlyForDeploymentPostprocessing = 0;
		};
/* End PBXSourcesBuildPhase section */

/* Begin PBXTargetDependency section */
		AA15679B269C25DE007856B0 /* PBXTargetDependency */ = {
			isa = PBXTargetDependency;
			target = AA15677F269C25DD007856B0 /* OpenWeather */;
			targetProxy = AA15679A269C25DE007856B0 /* PBXContainerItemProxy */;
		};
		AA1567A6269C25DE007856B0 /* PBXTargetDependency */ = {
			isa = PBXTargetDependency;
			target = AA15677F269C25DD007856B0 /* OpenWeather */;
			targetProxy = AA1567A5269C25DE007856B0 /* PBXContainerItemProxy */;
		};
/* End PBXTargetDependency section */

/* Begin PBXVariantGroup section */
		AA156789269C25DD007856B0 /* Main.storyboard */ = {
			isa = PBXVariantGroup;
			children = (
				AA15678A269C25DD007856B0 /* Base */,
			);
			name = Main.storyboard;
			sourceTree = "<group>";
		};
		AA156791269C25DE007856B0 /* LaunchScreen.storyboard */ = {
			isa = PBXVariantGroup;
			children = (
				AA156792269C25DE007856B0 /* Base */,
			);
			name = LaunchScreen.storyboard;
			sourceTree = "<group>";
		};
/* End PBXVariantGroup section */

/* Begin XCBuildConfiguration section */
		AA1567AB269C25DE007856B0 /* Debug */ = {
			isa = XCBuildConfiguration;
			buildSettings = {
				ALWAYS_SEARCH_USER_PATHS = NO;
				CLANG_ANALYZER_NONNULL = YES;
				CLANG_ANALYZER_NUMBER_OBJECT_CONVERSION = YES_AGGRESSIVE;
				CLANG_CXX_LANGUAGE_STANDARD = "gnu++14";
				CLANG_CXX_LIBRARY = "libc++";
				CLANG_ENABLE_MODULES = YES;
				CLANG_ENABLE_OBJC_ARC = YES;
				CLANG_ENABLE_OBJC_WEAK = YES;
				CLANG_WARN_BLOCK_CAPTURE_AUTORELEASING = YES;
				CLANG_WARN_BOOL_CONVERSION = YES;
				CLANG_WARN_COMMA = YES;
				CLANG_WARN_CONSTANT_CONVERSION = YES;
				CLANG_WARN_DEPRECATED_OBJC_IMPLEMENTATIONS = YES;
				CLANG_WARN_DIRECT_OBJC_ISA_USAGE = YES_ERROR;
				CLANG_WARN_DOCUMENTATION_COMMENTS = YES;
				CLANG_WARN_EMPTY_BODY = YES;
				CLANG_WARN_ENUM_CONVERSION = YES;
				CLANG_WARN_INFINITE_RECURSION = YES;
				CLANG_WARN_INT_CONVERSION = YES;
				CLANG_WARN_NON_LITERAL_NULL_CONVERSION = YES;
				CLANG_WARN_OBJC_IMPLICIT_RETAIN_SELF = YES;
				CLANG_WARN_OBJC_LITERAL_CONVERSION = YES;
				CLANG_WARN_OBJC_ROOT_CLASS = YES_ERROR;
				CLANG_WARN_QUOTED_INCLUDE_IN_FRAMEWORK_HEADER = YES;
				CLANG_WARN_RANGE_LOOP_ANALYSIS = YES;
				CLANG_WARN_STRICT_PROTOTYPES = YES;
				CLANG_WARN_SUSPICIOUS_MOVE = YES;
				CLANG_WARN_UNGUARDED_AVAILABILITY = YES_AGGRESSIVE;
				CLANG_WARN_UNREACHABLE_CODE = YES;
				CLANG_WARN__DUPLICATE_METHOD_MATCH = YES;
				COPY_PHASE_STRIP = NO;
				DEBUG_INFORMATION_FORMAT = dwarf;
				ENABLE_STRICT_OBJC_MSGSEND = YES;
				ENABLE_TESTABILITY = YES;
				GCC_C_LANGUAGE_STANDARD = gnu11;
				GCC_DYNAMIC_NO_PIC = NO;
				GCC_NO_COMMON_BLOCKS = YES;
				GCC_OPTIMIZATION_LEVEL = 0;
				GCC_PREPROCESSOR_DEFINITIONS = (
					"DEBUG=1",
					"$(inherited)",
				);
				GCC_WARN_64_TO_32_BIT_CONVERSION = YES;
				GCC_WARN_ABOUT_RETURN_TYPE = YES_ERROR;
				GCC_WARN_UNDECLARED_SELECTOR = YES;
				GCC_WARN_UNINITIALIZED_AUTOS = YES_AGGRESSIVE;
				GCC_WARN_UNUSED_FUNCTION = YES;
				GCC_WARN_UNUSED_VARIABLE = YES;
				IPHONEOS_DEPLOYMENT_TARGET = 14.5;
				MTL_ENABLE_DEBUG_INFO = INCLUDE_SOURCE;
				MTL_FAST_MATH = YES;
				ONLY_ACTIVE_ARCH = YES;
				SDKROOT = iphoneos;
				SWIFT_ACTIVE_COMPILATION_CONDITIONS = DEBUG;
				SWIFT_OPTIMIZATION_LEVEL = "-Onone";
			};
			name = Debug;
		};
		AA1567AC269C25DE007856B0 /* Release */ = {
			isa = XCBuildConfiguration;
			buildSettings = {
				ALWAYS_SEARCH_USER_PATHS = NO;
				CLANG_ANALYZER_NONNULL = YES;
				CLANG_ANALYZER_NUMBER_OBJECT_CONVERSION = YES_AGGRESSIVE;
				CLANG_CXX_LANGUAGE_STANDARD = "gnu++14";
				CLANG_CXX_LIBRARY = "libc++";
				CLANG_ENABLE_MODULES = YES;
				CLANG_ENABLE_OBJC_ARC = YES;
				CLANG_ENABLE_OBJC_WEAK = YES;
				CLANG_WARN_BLOCK_CAPTURE_AUTORELEASING = YES;
				CLANG_WARN_BOOL_CONVERSION = YES;
				CLANG_WARN_COMMA = YES;
				CLANG_WARN_CONSTANT_CONVERSION = YES;
				CLANG_WARN_DEPRECATED_OBJC_IMPLEMENTATIONS = YES;
				CLANG_WARN_DIRECT_OBJC_ISA_USAGE = YES_ERROR;
				CLANG_WARN_DOCUMENTATION_COMMENTS = YES;
				CLANG_WARN_EMPTY_BODY = YES;
				CLANG_WARN_ENUM_CONVERSION = YES;
				CLANG_WARN_INFINITE_RECURSION = YES;
				CLANG_WARN_INT_CONVERSION = YES;
				CLANG_WARN_NON_LITERAL_NULL_CONVERSION = YES;
				CLANG_WARN_OBJC_IMPLICIT_RETAIN_SELF = YES;
				CLANG_WARN_OBJC_LITERAL_CONVERSION = YES;
				CLANG_WARN_OBJC_ROOT_CLASS = YES_ERROR;
				CLANG_WARN_QUOTED_INCLUDE_IN_FRAMEWORK_HEADER = YES;
				CLANG_WARN_RANGE_LOOP_ANALYSIS = YES;
				CLANG_WARN_STRICT_PROTOTYPES = YES;
				CLANG_WARN_SUSPICIOUS_MOVE = YES;
				CLANG_WARN_UNGUARDED_AVAILABILITY = YES_AGGRESSIVE;
				CLANG_WARN_UNREACHABLE_CODE = YES;
				CLANG_WARN__DUPLICATE_METHOD_MATCH = YES;
				COPY_PHASE_STRIP = NO;
				DEBUG_INFORMATION_FORMAT = "dwarf-with-dsym";
				ENABLE_NS_ASSERTIONS = NO;
				ENABLE_STRICT_OBJC_MSGSEND = YES;
				GCC_C_LANGUAGE_STANDARD = gnu11;
				GCC_NO_COMMON_BLOCKS = YES;
				GCC_WARN_64_TO_32_BIT_CONVERSION = YES;
				GCC_WARN_ABOUT_RETURN_TYPE = YES_ERROR;
				GCC_WARN_UNDECLARED_SELECTOR = YES;
				GCC_WARN_UNINITIALIZED_AUTOS = YES_AGGRESSIVE;
				GCC_WARN_UNUSED_FUNCTION = YES;
				GCC_WARN_UNUSED_VARIABLE = YES;
				IPHONEOS_DEPLOYMENT_TARGET = 14.5;
				MTL_ENABLE_DEBUG_INFO = NO;
				MTL_FAST_MATH = YES;
				SDKROOT = iphoneos;
				SWIFT_COMPILATION_MODE = wholemodule;
				SWIFT_OPTIMIZATION_LEVEL = "-O";
				VALIDATE_PRODUCT = YES;
			};
			name = Release;
		};
		AA1567AE269C25DE007856B0 /* Debug */ = {
			isa = XCBuildConfiguration;
			buildSettings = {
				ASSETCATALOG_COMPILER_APPICON_NAME = AppIcon;
				ASSETCATALOG_COMPILER_GLOBAL_ACCENT_COLOR_NAME = AccentColor;
				CODE_SIGN_STYLE = Automatic;
				DEVELOPMENT_TEAM = SB7K72WBSV;
				INFOPLIST_FILE = OpenWeather/Info.plist;
				LD_RUNPATH_SEARCH_PATHS = (
					"$(inherited)",
					"@executable_path/Frameworks",
				);
				PRODUCT_BUNDLE_IDENTIFIER = Ethan.Halprin.OpenWeather;
				PRODUCT_NAME = "$(TARGET_NAME)";
				SWIFT_VERSION = 5.0;
				TARGETED_DEVICE_FAMILY = 1;
			};
			name = Debug;
		};
		AA1567AF269C25DE007856B0 /* Release */ = {
			isa = XCBuildConfiguration;
			buildSettings = {
				ASSETCATALOG_COMPILER_APPICON_NAME = AppIcon;
				ASSETCATALOG_COMPILER_GLOBAL_ACCENT_COLOR_NAME = AccentColor;
				CODE_SIGN_STYLE = Automatic;
				DEVELOPMENT_TEAM = SB7K72WBSV;
				INFOPLIST_FILE = OpenWeather/Info.plist;
				LD_RUNPATH_SEARCH_PATHS = (
					"$(inherited)",
					"@executable_path/Frameworks",
				);
				PRODUCT_BUNDLE_IDENTIFIER = Ethan.Halprin.OpenWeather;
				PRODUCT_NAME = "$(TARGET_NAME)";
				SWIFT_VERSION = 5.0;
				TARGETED_DEVICE_FAMILY = 1;
			};
			name = Release;
		};
		AA1567B1269C25DE007856B0 /* Debug */ = {
			isa = XCBuildConfiguration;
			buildSettings = {
				ALWAYS_EMBED_SWIFT_STANDARD_LIBRARIES = YES;
				BUNDLE_LOADER = "$(TEST_HOST)";
				CODE_SIGN_STYLE = Automatic;
				DEVELOPMENT_TEAM = SB7K72WBSV;
				INFOPLIST_FILE = OpenWeatherTests/Info.plist;
				IPHONEOS_DEPLOYMENT_TARGET = 14.5;
				LD_RUNPATH_SEARCH_PATHS = (
					"$(inherited)",
					"@executable_path/Frameworks",
					"@loader_path/Frameworks",
				);
				PRODUCT_BUNDLE_IDENTIFIER = Ethan.Halprin.OpenWeatherTests;
				PRODUCT_NAME = "$(TARGET_NAME)";
				SWIFT_VERSION = 5.0;
				TARGETED_DEVICE_FAMILY = "1,2";
				TEST_HOST = "$(BUILT_PRODUCTS_DIR)/OpenWeather.app/OpenWeather";
			};
			name = Debug;
		};
		AA1567B2269C25DE007856B0 /* Release */ = {
			isa = XCBuildConfiguration;
			buildSettings = {
				ALWAYS_EMBED_SWIFT_STANDARD_LIBRARIES = YES;
				BUNDLE_LOADER = "$(TEST_HOST)";
				CODE_SIGN_STYLE = Automatic;
				DEVELOPMENT_TEAM = SB7K72WBSV;
				INFOPLIST_FILE = OpenWeatherTests/Info.plist;
				IPHONEOS_DEPLOYMENT_TARGET = 14.5;
				LD_RUNPATH_SEARCH_PATHS = (
					"$(inherited)",
					"@executable_path/Frameworks",
					"@loader_path/Frameworks",
				);
				PRODUCT_BUNDLE_IDENTIFIER = Ethan.Halprin.OpenWeatherTests;
				PRODUCT_NAME = "$(TARGET_NAME)";
				SWIFT_VERSION = 5.0;
				TARGETED_DEVICE_FAMILY = "1,2";
				TEST_HOST = "$(BUILT_PRODUCTS_DIR)/OpenWeather.app/OpenWeather";
			};
			name = Release;
		};
		AA1567B4269C25DE007856B0 /* Debug */ = {
			isa = XCBuildConfiguration;
			buildSettings = {
				ALWAYS_EMBED_SWIFT_STANDARD_LIBRARIES = YES;
				CODE_SIGN_STYLE = Automatic;
				DEVELOPMENT_TEAM = SB7K72WBSV;
				INFOPLIST_FILE = OpenWeatherUITests/Info.plist;
				LD_RUNPATH_SEARCH_PATHS = (
					"$(inherited)",
					"@executable_path/Frameworks",
					"@loader_path/Frameworks",
				);
				PRODUCT_BUNDLE_IDENTIFIER = Ethan.Halprin.OpenWeatherUITests;
				PRODUCT_NAME = "$(TARGET_NAME)";
				SWIFT_VERSION = 5.0;
				TARGETED_DEVICE_FAMILY = "1,2";
				TEST_TARGET_NAME = OpenWeather;
			};
			name = Debug;
		};
		AA1567B5269C25DE007856B0 /* Release */ = {
			isa = XCBuildConfiguration;
			buildSettings = {
				ALWAYS_EMBED_SWIFT_STANDARD_LIBRARIES = YES;
				CODE_SIGN_STYLE = Automatic;
				DEVELOPMENT_TEAM = SB7K72WBSV;
				INFOPLIST_FILE = OpenWeatherUITests/Info.plist;
				LD_RUNPATH_SEARCH_PATHS = (
					"$(inherited)",
					"@executable_path/Frameworks",
					"@loader_path/Frameworks",
				);
				PRODUCT_BUNDLE_IDENTIFIER = Ethan.Halprin.OpenWeatherUITests;
				PRODUCT_NAME = "$(TARGET_NAME)";
				SWIFT_VERSION = 5.0;
				TARGETED_DEVICE_FAMILY = "1,2";
				TEST_TARGET_NAME = OpenWeather;
			};
			name = Release;
		};
/* End XCBuildConfiguration section */

/* Begin XCConfigurationList section */
		AA15677B269C25DD007856B0 /* Build configuration list for PBXProject "OpenWeather" */ = {
			isa = XCConfigurationList;
			buildConfigurations = (
				AA1567AB269C25DE007856B0 /* Debug */,
				AA1567AC269C25DE007856B0 /* Release */,
			);
			defaultConfigurationIsVisible = 0;
			defaultConfigurationName = Release;
		};
		AA1567AD269C25DE007856B0 /* Build configuration list for PBXNativeTarget "OpenWeather" */ = {
			isa = XCConfigurationList;
			buildConfigurations = (
				AA1567AE269C25DE007856B0 /* Debug */,
				AA1567AF269C25DE007856B0 /* Release */,
			);
			defaultConfigurationIsVisible = 0;
			defaultConfigurationName = Release;
		};
		AA1567B0269C25DE007856B0 /* Build configuration list for PBXNativeTarget "OpenWeatherTests" */ = {
			isa = XCConfigurationList;
			buildConfigurations = (
				AA1567B1269C25DE007856B0 /* Debug */,
				AA1567B2269C25DE007856B0 /* Release */,
			);
			defaultConfigurationIsVisible = 0;
			defaultConfigurationName = Release;
		};
		AA1567B3269C25DE007856B0 /* Build configuration list for PBXNativeTarget "OpenWeatherUITests" */ = {
			isa = XCConfigurationList;
			buildConfigurations = (
				AA1567B4269C25DE007856B0 /* Debug */,
				AA1567B5269C25DE007856B0 /* Release */,
			);
			defaultConfigurationIsVisible = 0;
			defaultConfigurationName = Release;
		};
/* End XCConfigurationList section */

/* Begin XCVersionGroup section */
		AA15678C269C25DD007856B0 /* OpenWeather.xcdatamodeld */ = {
			isa = XCVersionGroup;
			children = (
				AA15678D269C25DD007856B0 /* OpenWeather.xcdatamodel */,
			);
			currentVersion = AA15678D269C25DD007856B0 /* OpenWeather.xcdatamodel */;
			path = OpenWeather.xcdatamodeld;
			sourceTree = "<group>";
			versionGroupType = wrapper.xcdatamodel;
		};
/* End XCVersionGroup section */
	};
	rootObject = AA156778269C25DD007856B0 /* Project object */;
}
